
Microsoft Visual Studio Solution File, Format Version 12.00
# Visual Studio Version 16
VisualStudioVersion = 16.0.31515.178
MinimumVisualStudioVersion = 10.0.40219.1
Project("{FAE04EC0-301F-11D3-BF4B-00C04F79EFBC}") = "Ruby", "Ruby\Ruby.csproj", "{94D8AB41-F236-4DF2-B692-441BD8D08D5C}"
EndProject
Global
	GlobalSection(SolutionConfigurationPlatforms) = preSolution
		Debug|Any CPU = Debug|Any CPU
		Release|Any CPU = Release|Any CPU
	EndGlobalSection
	GlobalSection(ProjectConfigurationPlatforms) = postSolution
		{94D8AB41-F236-4DF2-B692-441BD8D08D5C}.Debug|Any CPU.ActiveCfg = Debug|Any CPU
		{94D8AB41-F236-4DF2-B692-441BD8D08D5C}.Debug|Any CPU.Build.0 = Debug|Any CPU
		{94D8AB41-F236-4DF2-B692-441BD8D08D5C}.Release|Any CPU.ActiveCfg = Release|Any CPU
		{94D8AB41-F236-4DF2-B692-441BD8D08D5C}.Release|Any CPU.Build.0 = Release|Any CPU
	EndGlobalSection
	GlobalSection(SolutionProperties) = preSolution
		HideSolutionNode = FALSE
	EndGlobalSection
	GlobalSection(ExtensibilityGlobals) = postSolution
		SolutionGuid = {944F9892-F597-41A7-870E-15F9EAD7F507}
	EndGlobalSection
EndGlobal
